{
  "nodes": {
    "nixpkgs": {
      "locked": {
        "lastModified": 1669465383,
        "narHash": "sha256-fVbG427suESAEb8/P47O/zD/G9BSeFxLh94IUzgOchs=",
        "owner": "NixOS",
        "repo": "nixpkgs",
        "rev": "899e7caf59d1954882a8e2dff45ccc0387c186f6",
        "type": "github"
      },
      "original": {
        "owner": "NixOS",
        "ref": "nixos-22.11",
        "repo": "nixpkgs",
        "type": "github"
      }
    },
    "nixpkgs-2111": {
      "locked": {
        "lastModified": 1659446231,
        "narHash": "sha256-hekabNdTdgR/iLsgce5TGWmfIDZ86qjPhxDg/8TlzhE=",
        "owner": "NixOS",
        "repo": "nixpkgs",
        "rev": "eabc38219184cc3e04a974fe31857d8e0eac098d",
        "type": "github"
      },
      "original": {
        "owner": "NixOS",
        "ref": "nixos-21.11",
        "repo": "nixpkgs",
        "type": "github"
      }
    },
    "root": {
      "inputs": {
        "nixpkgs": "nixpkgs",
        "nixpkgs-2111": "nixpkgs-2111",
        "tetra-kit-player": "tetra-kit-player",
        "tetra-receiver": "tetra-receiver",
        "utils": "utils"
      }
    },
    "tetra-kit-player": {
      "inputs": {
        "nixpkgs": [
          "nixpkgs"
        ],
        "utils": [
          "utils"
        ]
      },
      "locked": {
        "lastModified": 1671140987,
        "narHash": "sha256-O8AdjAK5/ZmIzldYnrKAsScBo0SYEzWqow/n4+B3Fck=",
        "owner": "marenz2569",
        "repo": "tetra-kit-player",
        "rev": "e518c86de064f58ccec6f51af29f6b16ac8e31b6",
        "type": "github"
      },
      "original": {
        "owner": "marenz2569",
        "repo": "tetra-kit-player",
        "type": "github"
      }
    },
    "tetra-receiver": {
      "inputs": {
        "nixpkgs": [
          "nixpkgs"
        ],
        "utils": [
          "utils"
        ]
      },
      "locked": {
        "lastModified": 1671111446,
        "narHash": "sha256-n5D6RuCaSv3BrZUWuosOeCKXZ4vc/6m4yBgwxKrFK2I=",
        "owner": "marenz2569",
        "repo": "tetra-receiver",
        "rev": "8fa11cd267d463b8336758d02624866089b2c826",
        "type": "github"
      },
      "original": {
        "owner": "marenz2569",
        "repo": "tetra-receiver",
        "type": "github"
      }
    },
    "utils": {
      "locked": {
        "lastModified": 1667395993,
        "narHash": "sha256-nuEHfE/LcWyuSWnS8t12N1wc105Qtau+/OdUAjtQ0rA=",
        "owner": "numtide",
        "repo": "flake-utils",
        "rev": "5aed5285a952e0b949eb3ba02c12fa4fcfef535f",
        "type": "github"
      },
      "original": {
        "owner": "numtide",
        "repo": "flake-utils",
        "type": "github"
      }
    }
  },
  "root": "root",
  "version": 7
}
